
Microsoft Visual Studio Solution File, Format Version 12.00
# Visual Studio Version 16
VisualStudioVersion = 16.0.30503.244
MinimumVisualStudioVersion = 10.0.40219.1
Project("{8BC9CEB8-8B4A-11D0-8D11-00A0C91BC942}") = "Homework1", "Homework1\Homework1.vcxproj", "{CA307882-58A4-423D-8553-5DAE654A6EA6}"
EndProject
Project("{8BC9CEB8-8B4A-11D0-8D11-00A0C91BC942}") = "2023_02_25_algebraic_interpolation", "2023_02_25_algebraic_interpolation\2023_02_25_algebraic_interpolation.vcxproj", "{141A0F0F-6F58-4D2F-A7B3-90691DB29C95}"
EndProject
Project("{8BC9CEB8-8B4A-11D0-8D11-00A0C91BC942}") = "2023_03_19_reverse_interpolation", "reverse_interpolation\reverse_interpolation.vcxproj", "{CE42EF46-8B71-4CEC-AB3D-726276D72324}"
EndProject
Project("{8BC9CEB8-8B4A-11D0-8D11-00A0C91BC942}") = "numerical_differentiation", "numerical_differentiation\numerical_differentiation.vcxproj", "{A919929A-8F7C-4241-810F-62394FD048B7}"
EndProject
Project("{8BC9CEB8-8B4A-11D0-8D11-00A0C91BC942}") = "24_04_23_quadrature_formulas", "24_04_23_quadrature_formulas\24_04_23_quadrature_formulas.vcxproj", "{69DD06E4-DC6C-487B-954B-A7ACC48B3AF2}"
EndProject
Global
	GlobalSection(SolutionConfigurationPlatforms) = preSolution
		Debug|x64 = Debug|x64
		Debug|x86 = Debug|x86
		Release|x64 = Release|x64
		Release|x86 = Release|x86
	EndGlobalSection
	GlobalSection(ProjectConfigurationPlatforms) = postSolution
		{CA307882-58A4-423D-8553-5DAE654A6EA6}.Debug|x64.ActiveCfg = Debug|x64
		{CA307882-58A4-423D-8553-5DAE654A6EA6}.Debug|x64.Build.0 = Debug|x64
		{CA307882-58A4-423D-8553-5DAE654A6EA6}.Debug|x86.ActiveCfg = Debug|Win32
		{CA307882-58A4-423D-8553-5DAE654A6EA6}.Debug|x86.Build.0 = Debug|Win32
		{CA307882-58A4-423D-8553-5DAE654A6EA6}.Release|x64.ActiveCfg = Release|x64
		{CA307882-58A4-423D-8553-5DAE654A6EA6}.Release|x64.Build.0 = Release|x64
		{CA307882-58A4-423D-8553-5DAE654A6EA6}.Release|x86.ActiveCfg = Release|Win32
		{CA307882-58A4-423D-8553-5DAE654A6EA6}.Release|x86.Build.0 = Release|Win32
		{141A0F0F-6F58-4D2F-A7B3-90691DB29C95}.Debug|x64.ActiveCfg = Debug|x64
		{141A0F0F-6F58-4D2F-A7B3-90691DB29C95}.Debug|x64.Build.0 = Debug|x64
		{141A0F0F-6F58-4D2F-A7B3-90691DB29C95}.Debug|x86.ActiveCfg = Debug|Win32
		{141A0F0F-6F58-4D2F-A7B3-90691DB29C95}.Debug|x86.Build.0 = Debug|Win32
		{141A0F0F-6F58-4D2F-A7B3-90691DB29C95}.Release|x64.ActiveCfg = Release|x64
		{141A0F0F-6F58-4D2F-A7B3-90691DB29C95}.Release|x64.Build.0 = Release|x64
		{141A0F0F-6F58-4D2F-A7B3-90691DB29C95}.Release|x86.ActiveCfg = Release|Win32
		{141A0F0F-6F58-4D2F-A7B3-90691DB29C95}.Release|x86.Build.0 = Release|Win32
		{CE42EF46-8B71-4CEC-AB3D-726276D72324}.Debug|x64.ActiveCfg = Debug|x64
		{CE42EF46-8B71-4CEC-AB3D-726276D72324}.Debug|x64.Build.0 = Debug|x64
		{CE42EF46-8B71-4CEC-AB3D-726276D72324}.Debug|x86.ActiveCfg = Debug|Win32
		{CE42EF46-8B71-4CEC-AB3D-726276D72324}.Debug|x86.Build.0 = Debug|Win32
		{CE42EF46-8B71-4CEC-AB3D-726276D72324}.Release|x64.ActiveCfg = Release|x64
		{CE42EF46-8B71-4CEC-AB3D-726276D72324}.Release|x64.Build.0 = Release|x64
		{CE42EF46-8B71-4CEC-AB3D-726276D72324}.Release|x86.ActiveCfg = Release|Win32
		{CE42EF46-8B71-4CEC-AB3D-726276D72324}.Release|x86.Build.0 = Release|Win32
		{A919929A-8F7C-4241-810F-62394FD048B7}.Debug|x64.ActiveCfg = Debug|x64
		{A919929A-8F7C-4241-810F-62394FD048B7}.Debug|x64.Build.0 = Debug|x64
		{A919929A-8F7C-4241-810F-62394FD048B7}.Debug|x86.ActiveCfg = Debug|Win32
		{A919929A-8F7C-4241-810F-62394FD048B7}.Debug|x86.Build.0 = Debug|Win32
		{A919929A-8F7C-4241-810F-62394FD048B7}.Release|x64.ActiveCfg = Release|x64
		{A919929A-8F7C-4241-810F-62394FD048B7}.Release|x64.Build.0 = Release|x64
		{A919929A-8F7C-4241-810F-62394FD048B7}.Release|x86.ActiveCfg = Release|Win32
		{A919929A-8F7C-4241-810F-62394FD048B7}.Release|x86.Build.0 = Release|Win32
		{69DD06E4-DC6C-487B-954B-A7ACC48B3AF2}.Debug|x64.ActiveCfg = Debug|x64
		{69DD06E4-DC6C-487B-954B-A7ACC48B3AF2}.Debug|x64.Build.0 = Debug|x64
		{69DD06E4-DC6C-487B-954B-A7ACC48B3AF2}.Debug|x86.ActiveCfg = Debug|Win32
		{69DD06E4-DC6C-487B-954B-A7ACC48B3AF2}.Debug|x86.Build.0 = Debug|Win32
		{69DD06E4-DC6C-487B-954B-A7ACC48B3AF2}.Release|x64.ActiveCfg = Release|x64
		{69DD06E4-DC6C-487B-954B-A7ACC48B3AF2}.Release|x64.Build.0 = Release|x64
		{69DD06E4-DC6C-487B-954B-A7ACC48B3AF2}.Release|x86.ActiveCfg = Release|Win32
		{69DD06E4-DC6C-487B-954B-A7ACC48B3AF2}.Release|x86.Build.0 = Release|Win32
	EndGlobalSection
	GlobalSection(SolutionProperties) = preSolution
		HideSolutionNode = FALSE
	EndGlobalSection
	GlobalSection(ExtensibilityGlobals) = postSolution
		SolutionGuid = {192CA8B7-7A33-4228-BD7C-E90558DFF8AD}
	EndGlobalSection
EndGlobal
